
Microsoft Visual Studio Solution File, Format Version 10.00
# Visual Studio 2008
Project("{8BC9CEB8-8B4A-11D0-8D11-00A0C91BC942}") = "cardGame", "cardGame\cardGame.vcproj", "{CBA51F6D-BA61-4A1F-BC59-28D6525A2CCA}"
EndProject
Global
	GlobalSection(SolutionConfigurationPlatforms) = preSolution
		Debug|Win32 = Debug|Win32
		Release|Win32 = Release|Win32
	EndGlobalSection
	GlobalSection(ProjectConfigurationPlatforms) = postSolution
		{CBA51F6D-BA61-4A1F-BC59-28D6525A2CCA}.Debug|Win32.ActiveCfg = Debug|Win32
		{CBA51F6D-BA61-4A1F-BC59-28D6525A2CCA}.Debug|Win32.Build.0 = Debug|Win32
		{CBA51F6D-BA61-4A1F-BC59-28D6525A2CCA}.Release|Win32.ActiveCfg = Release|Win32
		{CBA51F6D-BA61-4A1F-BC59-28D6525A2CCA}.Release|Win32.Build.0 = Release|Win32
	EndGlobalSection
	GlobalSection(SolutionProperties) = preSolution
		HideSolutionNode = FALSE
	EndGlobalSection
EndGlobal
